Microsoft Visual Studio Solution File, Format Version 12.00
# Visual Studio 15
VisualStudioVersion = 15.0.26124.0
MinimumVisualStudioVersion = 15.0.26124.0
Project("{9A19103F-16F7-4668-BE54-9A1E7A4F7556}") = "WideWorldImporters.Database", "Database\WideWorldImporters.Database.csproj", "{910FE740-1BD8-40D6-8D77-6A6F55F055FB}"
EndProject
Global
	GlobalSection(SolutionConfigurationPlatforms) = preSolution
		Debug|Any CPU = Debug|Any CPU
		Debug|x64 = Debug|x64
		Debug|x86 = Debug|x86
		Release|Any CPU = Release|Any CPU
		Release|x64 = Release|x64
		Release|x86 = Release|x86
	EndGlobalSection
	GlobalSection(ProjectConfigurationPlatforms) = postSolution
		{910FE740-1BD8-40D6-8D77-6A6F55F055FB}.Debug|Any CPU.ActiveCfg = Debug|Any CPU
		{910FE740-1BD8-40D6-8D77-6A6F55F055FB}.Debug|Any CPU.Build.0 = Debug|Any CPU
		{910FE740-1BD8-40D6-8D77-6A6F55F055FB}.Debug|x64.ActiveCfg = Debug|Any CPU
		{910FE740-1BD8-40D6-8D77-6A6F55F055FB}.Debug|x64.Build.0 = Debug|Any CPU
		{910FE740-1BD8-40D6-8D77-6A6F55F055FB}.Debug|x86.ActiveCfg = Debug|Any CPU
		{910FE740-1BD8-40D6-8D77-6A6F55F055FB}.Debug|x86.Build.0 = Debug|Any CPU
		{910FE740-1BD8-40D6-8D77-6A6F55F055FB}.Release|Any CPU.ActiveCfg = Release|Any CPU
		{910FE740-1BD8-40D6-8D77-6A6F55F055FB}.Release|Any CPU.Build.0 = Release|Any CPU
		{910FE740-1BD8-40D6-8D77-6A6F55F055FB}.Release|x64.ActiveCfg = Release|Any CPU
		{910FE740-1BD8-40D6-8D77-6A6F55F055FB}.Release|x64.Build.0 = Release|Any CPU
		{910FE740-1BD8-40D6-8D77-6A6F55F055FB}.Release|x86.ActiveCfg = Release|Any CPU
		{910FE740-1BD8-40D6-8D77-6A6F55F055FB}.Release|x86.Build.0 = Release|Any CPU
	EndGlobalSection
	GlobalSection(SolutionProperties) = preSolution
		HideSolutionNode = FALSE
	EndGlobalSection
	GlobalSection(ExtensibilityGlobals) = postSolution
		SolutionGuid = {6D601421-B0B5-454C-B8B4-31D4421EA7C3}
	EndGlobalSection
EndGlobal
